
Microsoft Visual Studio Solution File, Format Version 12.00
# Visual Studio Version 17
VisualStudioVersion = 17.7.34031.279
MinimumVisualStudioVersion = 10.0.40219.1
Project("{9A19103F-16F7-4668-BE54-9A1E7A4F7556}") = "ISO9660.Tests", "ISO9660.Tests\ISO9660.Tests.csproj", "{5E8BFF23-27C8-4532-8BBD-42D4D75A6783}"
EndProject
Project("{2150E333-8FDC-42A3-9474-1A3956D46DE8}") = "Solution Items", "Solution Items", "{1DA2500E-198D-460F-95DE-FBCF934EBACF}"
	ProjectSection(SolutionItems) = preProject
		.editorconfig = .editorconfig
		TODO.TXT = TODO.TXT
	EndProjectSection
EndProject
Project("{9A19103F-16F7-4668-BE54-9A1E7A4F7556}") = "ISO9660", "ISO9660\ISO9660.csproj", "{7C32BB63-6610-44A0-8275-EAE666871E41}"
EndProject
Project("{9A19103F-16F7-4668-BE54-9A1E7A4F7556}") = "ISO9660.CLI", "ISO9660.CLI\ISO9660.CLI.csproj", "{70E62127-4C39-4CCE-AD5D-633B1709B0D7}"
EndProject
Global
	GlobalSection(SolutionConfigurationPlatforms) = preSolution
		Debug|Any CPU = Debug|Any CPU
		Debug|x64 = Debug|x64
		Debug|x86 = Debug|x86
		Release|Any CPU = Release|Any CPU
		Release|x64 = Release|x64
		Release|x86 = Release|x86
	EndGlobalSection
	GlobalSection(ProjectConfigurationPlatforms) = postSolution
		{5E8BFF23-27C8-4532-8BBD-42D4D75A6783}.Debug|Any CPU.ActiveCfg = Debug|Any CPU
		{5E8BFF23-27C8-4532-8BBD-42D4D75A6783}.Debug|Any CPU.Build.0 = Debug|Any CPU
		{5E8BFF23-27C8-4532-8BBD-42D4D75A6783}.Debug|x64.ActiveCfg = Debug|Any CPU
		{5E8BFF23-27C8-4532-8BBD-42D4D75A6783}.Debug|x64.Build.0 = Debug|Any CPU
		{5E8BFF23-27C8-4532-8BBD-42D4D75A6783}.Debug|x86.ActiveCfg = Debug|Any CPU
		{5E8BFF23-27C8-4532-8BBD-42D4D75A6783}.Debug|x86.Build.0 = Debug|Any CPU
		{5E8BFF23-27C8-4532-8BBD-42D4D75A6783}.Release|Any CPU.ActiveCfg = Release|Any CPU
		{5E8BFF23-27C8-4532-8BBD-42D4D75A6783}.Release|Any CPU.Build.0 = Release|Any CPU
		{5E8BFF23-27C8-4532-8BBD-42D4D75A6783}.Release|x64.ActiveCfg = Release|Any CPU
		{5E8BFF23-27C8-4532-8BBD-42D4D75A6783}.Release|x64.Build.0 = Release|Any CPU
		{5E8BFF23-27C8-4532-8BBD-42D4D75A6783}.Release|x86.ActiveCfg = Release|Any CPU
		{5E8BFF23-27C8-4532-8BBD-42D4D75A6783}.Release|x86.Build.0 = Release|Any CPU
		{7C32BB63-6610-44A0-8275-EAE666871E41}.Debug|Any CPU.ActiveCfg = Debug|Any CPU
		{7C32BB63-6610-44A0-8275-EAE666871E41}.Debug|Any CPU.Build.0 = Debug|Any CPU
		{7C32BB63-6610-44A0-8275-EAE666871E41}.Debug|x64.ActiveCfg = Debug|Any CPU
		{7C32BB63-6610-44A0-8275-EAE666871E41}.Debug|x64.Build.0 = Debug|Any CPU
		{7C32BB63-6610-44A0-8275-EAE666871E41}.Debug|x86.ActiveCfg = Debug|Any CPU
		{7C32BB63-6610-44A0-8275-EAE666871E41}.Debug|x86.Build.0 = Debug|Any CPU
		{7C32BB63-6610-44A0-8275-EAE666871E41}.Release|Any CPU.ActiveCfg = Release|Any CPU
		{7C32BB63-6610-44A0-8275-EAE666871E41}.Release|Any CPU.Build.0 = Release|Any CPU
		{7C32BB63-6610-44A0-8275-EAE666871E41}.Release|x64.ActiveCfg = Release|Any CPU
		{7C32BB63-6610-44A0-8275-EAE666871E41}.Release|x64.Build.0 = Release|Any CPU
		{7C32BB63-6610-44A0-8275-EAE666871E41}.Release|x86.ActiveCfg = Release|Any CPU
		{7C32BB63-6610-44A0-8275-EAE666871E41}.Release|x86.Build.0 = Release|Any CPU
		{70E62127-4C39-4CCE-AD5D-633B1709B0D7}.Debug|Any CPU.ActiveCfg = Debug|Any CPU
		{70E62127-4C39-4CCE-AD5D-633B1709B0D7}.Debug|Any CPU.Build.0 = Debug|Any CPU
		{70E62127-4C39-4CCE-AD5D-633B1709B0D7}.Debug|x64.ActiveCfg = Debug|Any CPU
		{70E62127-4C39-4CCE-AD5D-633B1709B0D7}.Debug|x64.Build.0 = Debug|Any CPU
		{70E62127-4C39-4CCE-AD5D-633B1709B0D7}.Debug|x86.ActiveCfg = Debug|Any CPU
		{70E62127-4C39-4CCE-AD5D-633B1709B0D7}.Debug|x86.Build.0 = Debug|Any CPU
		{70E62127-4C39-4CCE-AD5D-633B1709B0D7}.Release|Any CPU.ActiveCfg = Release|Any CPU
		{70E62127-4C39-4CCE-AD5D-633B1709B0D7}.Release|Any CPU.Build.0 = Release|Any CPU
		{70E62127-4C39-4CCE-AD5D-633B1709B0D7}.Release|x64.ActiveCfg = Release|Any CPU
		{70E62127-4C39-4CCE-AD5D-633B1709B0D7}.Release|x64.Build.0 = Release|Any CPU
		{70E62127-4C39-4CCE-AD5D-633B1709B0D7}.Release|x86.ActiveCfg = Release|Any CPU
		{70E62127-4C39-4CCE-AD5D-633B1709B0D7}.Release|x86.Build.0 = Release|Any CPU
	EndGlobalSection
	GlobalSection(SolutionProperties) = preSolution
		HideSolutionNode = FALSE
	EndGlobalSection
	GlobalSection(ExtensibilityGlobals) = postSolution
		SolutionGuid = {438863E5-7809-4D6C-BE50-B440EAF039A8}
	EndGlobalSection
	GlobalSection(NDepend) = preSolution
		Project = ".\ISO9660.ndproj"
	EndGlobalSection
EndGlobal
